
Microsoft Visual Studio Solution File, Format Version 12.00
# Visual Studio Version 17
VisualStudioVersion = 17.5.33516.290
MinimumVisualStudioVersion = 10.0.40219.1
Project("{FAE04EC0-301F-11D3-BF4B-00C04F79EFBC}") = "GestionePersone", "GestionePersone\GestionePersone.csproj", "{8CEDE6DF-D1ED-4BF9-BCDB-68AD3CC2C35E}"
EndProject
Project("{FAE04EC0-301F-11D3-BF4B-00C04F79EFBC}") = "GestionePersone.Tests", "GestionePersone.Tests\GestionePersone.Tests.csproj", "{4CEACB80-063B-47BF-9D45-2F104DB4DDFC}"
EndProject
Global
	GlobalSection(SolutionConfigurationPlatforms) = preSolution
		Debug|Any CPU = Debug|Any CPU
		Release|Any CPU = Release|Any CPU
	EndGlobalSection
	GlobalSection(ProjectConfigurationPlatforms) = postSolution
		{8CEDE6DF-D1ED-4BF9-BCDB-68AD3CC2C35E}.Debug|Any CPU.ActiveCfg = Debug|Any CPU
		{8CEDE6DF-D1ED-4BF9-BCDB-68AD3CC2C35E}.Debug|Any CPU.Build.0 = Debug|Any CPU
		{8CEDE6DF-D1ED-4BF9-BCDB-68AD3CC2C35E}.Release|Any CPU.ActiveCfg = Release|Any CPU
		{8CEDE6DF-D1ED-4BF9-BCDB-68AD3CC2C35E}.Release|Any CPU.Build.0 = Release|Any CPU
		{4CEACB80-063B-47BF-9D45-2F104DB4DDFC}.Debug|Any CPU.ActiveCfg = Debug|Any CPU
		{4CEACB80-063B-47BF-9D45-2F104DB4DDFC}.Debug|Any CPU.Build.0 = Debug|Any CPU
		{4CEACB80-063B-47BF-9D45-2F104DB4DDFC}.Release|Any CPU.ActiveCfg = Release|Any CPU
		{4CEACB80-063B-47BF-9D45-2F104DB4DDFC}.Release|Any CPU.Build.0 = Release|Any CPU
	EndGlobalSection
	GlobalSection(SolutionProperties) = preSolution
		HideSolutionNode = FALSE
	EndGlobalSection
	GlobalSection(ExtensibilityGlobals) = postSolution
		SolutionGuid = {50B49829-4505-4BA7-910F-DD6AF318C4A7}
	EndGlobalSection
EndGlobal
